#MicroXplorer Configuration settings - do not modify
CAD.formats=
CAD.pinconfig=
CAD.pinconfig-STM32G474RETx=
Dma.DAC3_CH2.0.Direction=DMA_MEMORY_TO_PERIPH
Dma.DAC3_CH2.0.EventMode=ENABLE
Dma.DAC3_CH2.0.Instance=DMA1_Channel1
Dma.DAC3_CH2.0.MemDataAlignment=DMA_MDATAALIGN_HALFWORD
Dma.DAC3_CH2.0.MemInc=DMA_MINC_ENABLE
Dma.DAC3_CH2.0.Mode=DMA_NORMAL
Dma.DAC3_CH2.0.PeriphDataAlignment=DMA_PDATAALIGN_HALFWORD
Dma.DAC3_CH2.0.PeriphInc=DMA_PINC_DISABLE
Dma.DAC3_CH2.0.Priority=DMA_PRIORITY_VERY_HIGH
Dma.DAC3_CH2.0.Request=103
Dma.DAC3_CH2.0.RequestParameters=Instance,Direction,PeriphInc,MemInc,PeriphDataAlignment,MemDataAlignment,Mode,Priority,EventMode,Request
Dma.Request0=DAC3_CH2
Dma.RequestsNb=1
File.Version=6
KeepUserPlacement=false
Mcu.CPN=STM32G474RET6
Mcu.Context0=CORERUN
Mcu.Context1=COREDEEPSTOP
Mcu.Context2=CORESTANDBY
Mcu.Context3=CORESHUTDOWN
Mcu.ContextNb=4
Mcu.Family=STM32G4
Mcu.IP0=DAC3
Mcu.IP1=DMA
Mcu.IP2=DMAMUX
Mcu.IP3=NVIC
Mcu.IP4=OPAMP3
Mcu.IP5=RCC
Mcu.IP6=SYS
Mcu.IP7=TIM2
Mcu.IP8=TIM6
Mcu.IPNb=9
Mcu.Name=STM32G474R(B-C-E)Tx
Mcu.Package=LQFP64
Mcu.Pin0=PC13
Mcu.Pin1=PF0-OSC_IN
Mcu.Pin2=PF1-OSC_OUT
Mcu.Pin3=PA5
Mcu.Pin4=PB1
Mcu.Pin5=PA8
Mcu.Pin6=VP_SYS_VS_Systick
Mcu.PinsNb=7
Mcu.ThirdPartyNb=0
Mcu.UserConstants=
Mcu.UserName=STM32G474RETx
MxCube.Version=6.11.0
MxDb.Version=DB.6.0.110
NVIC.DMA1_Channel1_IRQn=true\:0\:0\:false\:false\:true\:true\:false\:true
NVIC.EXTI15_10_IRQn=true\:3\:0\:false\:false\:true\:true\:false\:true
NVIC.HardFault_IRQn=true\:0\:0\:false\:false\:true\:false\:1\:true
NVIC.MemoryManagement_IRQn=true\:0\:0\:false\:false\:true\:false\:1\:true
NVIC.Prefetch_IRQn=true\:0\:0\:false\:false\:true\:false\:1\:true
NVIC.TIM6_DAC_IRQn=true\:1\:0\:false\:false\:true\:true\:false\:true
NVIC.TimeBase=SysTick
NVIC.TimeBase_IRQn=true\:15\:0\:false\:false\:true\:false\:0\:true
NVIC.UsageFault_IRQn=true\:0\:0\:false\:false\:true\:false\:1\:true
PA5.GPIOParameters=GPIO_Label
PA5.GPIO_Label=LD2 [Green LED]
PA5.Locked=true
PA5.Signal=GPIO_Output
PA8.GPIOParameters=GPIO_Label
PA8.GPIO_Label=MCO_SYSCLK_DIV16
PA8.Locked=true
PA8.Signal=RCC_MCO
PB1.GPIOParameters=GPIO_Label
PB1.GPIO_Label=OPAMP3_OUT_SONAR
PB1.Locked=true
PB1.Signal=OPAMP3_VOUT
PC13.GPIOParameters=GPIO_Label
PC13.GPIO_Label=B1 [Blue PushButton]
PC13.Locked=true
PC13.Signal=GPIO_Input
PF0-OSC_IN.Locked=true
PF0-OSC_IN.Signal=RCC_OSC_IN
PF1-OSC_OUT.Locked=true
PF1-OSC_OUT.Signal=RCC_OSC_OUT
PinOutPanel.RotationAngle=0
ProjectManager.AskForMigrate=true
ProjectManager.BackupPrevious=false
ProjectManager.Compiler=
ProjectManager.CoupleConverter=false
ProjectManager.DeletePrevious=true
ProjectManager.DeviceId=STM32G474RETx
ProjectManager.FirmwarePackage=STM32Cube FW_G4 V1.5.2
ProjectManager.FreePins=false
ProjectManager.HalAssertFull=false
ProjectManager.HeapSize=0x200
ProjectManager.KeepUserCode=true
ProjectManager.LastFirmware=true
ProjectManager.LibraryCopy=1
ProjectManager.MainLocation=Core/Src
ProjectManager.NoMain=false
ProjectManager.PreviousToolchain=
ProjectManager.ProjectBuild=false
ProjectManager.ProjectFileName=auv_sonar_g474.ioc
ProjectManager.ProjectName=auv_sonar_g474
ProjectManager.RegisterCallBack=
ProjectManager.StackSize=0x400
ProjectManager.TargetToolchain=STM32CubeIDE
ProjectManager.ToolChainLocation=
ProjectManager.UbtSharing=false
ProjectManager.UnderRoot=false
ProjectManager.functionlistsort=1-MX_GPIO_Init-GPIO-false-HAL-true,2-MX_DMA_Init-DMA-false-HAL-true,3-MX_DAC3_Init-DAC3-false-HAL-true,4-MX_OPAMP3_Init-OPAMP3-false-HAL-true,5-MX_TIM2_Init-TIM2-false-HAL-true,6-MX_TIM6_Init-TIM6-false-HAL-true
RCC.AHBFreq_Value=160000000
RCC.APB1Freq_Value=160000000
RCC.APB1TimFreq_Value=160000000
RCC.APB2Freq_Value=160000000
RCC.APB2TimFreq_Value=160000000
RCC.CortexFreq_Value=160000000
RCC.FCLKCortexFreq_Value=160000000
RCC.HCLKFreq_Value=160000000
RCC.HSE_VALUE=8000000
RCC.HSI_VALUE=16000000
RCC.MCO1PinFreq_Value=10000000
RCC.MCOMult_Value=16
RCC.MCOSourceVirtual=RCC_MCO1SOURCE_SYSCLK
RCC.PLLM=1
RCC.PLLN=40
RCC.PLLPoutputFreq_Value=160000000
RCC.PLLQoutputFreq_Value=80000000
RCC.PLLRCLKFreq_Value=160000000
RCC.PLLSourceVirtual=RCC_PLLSOURCE_HSE
RCC.SYSCLKFreq_VALUE=160000000
RCC.SYSCLKSource=RCC_SYSCLKSOURCE_PLLCLK
SH.VP_SYS_VS_Systick.0=SYS_VS_Systick
SH.VP_SYS_VS_Systick.pnUID=SYS_VS_Systick
TIM2.AutoReloadPreload=TIM_AUTORELOAD_PRELOAD_ENABLE
TIM2.IPParameters=Period,Prescaler,AutoReloadPreload,TRGOSource
TIM2.Period=39
TIM2.Prescaler=0
TIM2.TRGOSource=TIM_TRGO_UPDATE
TIM6.AutoReloadPreload=TIM_AUTORELOAD_PRELOAD_DISABLE
TIM6.IPParameters=Prescaler,Period,OnePulseMode
TIM6.OnePulseMode=TIM_OPMODE_SINGLE
TIM6.Period=17999
TIM6.Prescaler=159
VP_SYS_VS_Systick.Mode=SysTick
VP_SYS_VS_Systick.Signal=VP_SYS_VS_Systick
board=NUCLEO-G474RE
isbadioc=false
